
Microsoft Visual Studio Solution File, Format Version 12.00
# Visual Studio Version 17
VisualStudioVersion = 17.10.34916.146
MinimumVisualStudioVersion = 10.0.40219.1
Project("{FAE04EC0-301F-11D3-BF4B-00C04F79EFBC}") = "VarmDrinkStation", "VarmDrinkStation\VarmDrinkStation.csproj", "{0D8D2272-4A18-485A-A6DC-135542F4F2B6}"
EndProject
Global
	GlobalSection(SolutionConfigurationPlatforms) = preSolution
		Debug|Any CPU = Debug|Any CPU
		Release|Any CPU = Release|Any CPU
	EndGlobalSection
	GlobalSection(ProjectConfigurationPlatforms) = postSolution
		{0D8D2272-4A18-485A-A6DC-135542F4F2B6}.Debug|Any CPU.ActiveCfg = Debug|Any CPU
		{0D8D2272-4A18-485A-A6DC-135542F4F2B6}.Debug|Any CPU.Build.0 = Debug|Any CPU
		{0D8D2272-4A18-485A-A6DC-135542F4F2B6}.Release|Any CPU.ActiveCfg = Release|Any CPU
		{0D8D2272-4A18-485A-A6DC-135542F4F2B6}.Release|Any CPU.Build.0 = Release|Any CPU
	EndGlobalSection
	GlobalSection(SolutionProperties) = preSolution
		HideSolutionNode = FALSE
	EndGlobalSection
	GlobalSection(ExtensibilityGlobals) = postSolution
		SolutionGuid = {77FAD2A3-0A82-46BC-8EA0-CB6682520B11}
	EndGlobalSection
EndGlobal
